{
    "requires": true,
    "lockfileVersion": 1,
    "dependencies": {
        "jquery": {
            "version": "3.6.0",
            "resolved": "https://registry.npmjs.org/jquery/-/jquery-3.6.0.tgz",
            "integrity": "sha512-JVzAR/AjBvVt2BmYhxRCSYysDsPcssdmTFnzyLEts9qNwmjmu4JTAMYubEfwVOSwpQ1I1sKKFcxhZCI2buerfw=="
        },
        "select2": {
            "version": "4.1.0-rc.0",
            "resolved": "https://registry.npmjs.org/select2/-/select2-4.1.0-rc.0.tgz",
            "integrity": "sha512-Hr9TdhyHCZUtwznEH2CBf7967mEM0idtJ5nMtjvk3Up5tPukOLXbHUNmh10oRfeNIhj+3GD3niu+g6sVK+gK0A=="
        },
        "sweetalert2": {
            "version": "11.4.14",
            "resolved": "https://registry.npmjs.org/sweetalert2/-/sweetalert2-11.4.14.tgz",
            "integrity": "sha512-Dh4XqfUSpCwhRsGM5zZFbtBRHujjcaf98DjVKXEs0ER4E/Zao0OtDHZRRQqvT9xxY7RA8WsiZ6FHJbyW+BBbDw=="
        }
    }
}
